
Microsoft Visual Studio Solution File, Format Version 12.00
# Visual Studio Version 17
VisualStudioVersion = 17.6.33815.320
MinimumVisualStudioVersion = 10.0.40219.1
Project("{9A19103F-16F7-4668-BE54-9A1E7A4F7556}") = "Explorer", "Explorer.csproj", "{F6C67411-7426-4381-8058-725FA4D47F44}"
EndProject
Global
	GlobalSection(SolutionConfigurationPlatforms) = preSolution
		Debug|Any CPU = Debug|Any CPU
		Release|Any CPU = Release|Any CPU
	EndGlobalSection
	GlobalSection(ProjectConfigurationPlatforms) = postSolution
		{F6C67411-7426-4381-8058-725FA4D47F44}.Debug|Any CPU.ActiveCfg = Debug|Any CPU
		{F6C67411-7426-4381-8058-725FA4D47F44}.Debug|Any CPU.Build.0 = Debug|Any CPU
		{F6C67411-7426-4381-8058-725FA4D47F44}.Release|Any CPU.ActiveCfg = Release|Any CPU
		{F6C67411-7426-4381-8058-725FA4D47F44}.Release|Any CPU.Build.0 = Release|Any CPU
	EndGlobalSection
	GlobalSection(SolutionProperties) = preSolution
		HideSolutionNode = FALSE
	EndGlobalSection
	GlobalSection(ExtensibilityGlobals) = postSolution
		SolutionGuid = {83889B62-6609-45E3-9F8C-B89F8AA5B22E}
	EndGlobalSection
EndGlobal
